# THIS IS AN AUTOGENERATED FILE. DO NOT EDIT THIS FILE DIRECTLY.
# yarn lockfile v1


"@uniswap/lib@4.0.1-alpha":
  version "4.0.1-alpha"
  resolved "https://registry.yarnpkg.com/@uniswap/lib/-/lib-4.0.1-alpha.tgz#2881008e55f075344675b3bca93f020b028fbd02"
  integrity sha512-f6UIliwBbRsgVLxIaBANF6w09tYqc6Y/qXdsrbEmXHyFA7ILiKrIwRFXe1yOg8M3cksgVsO9N7yuL2DdCGQKBA==

"@x1swap/v2-core@1.0.0":
  version "1.0.0"
  resolved "https://registry.yarnpkg.com/@x1swap/v2-core/-/v2-core-1.0.0.tgz#e2b888cb3b863ac2aab4f1eeaa55c3d1451220b1"
  integrity sha512-vQ1oNfPlTDIltHOMIhetLwzzLJIGWTRSv4JEk88hzT42CTRgIxXMsOVws0u+DchgwPIl9e36iQfdMKnRzM8Hrw==
