# THIS IS AN AUTOGENERATED FILE. DO NOT EDIT THIS FILE DIRECTLY.
# yarn lockfile v1


"@x1swap/lib@1.0.0":
  version "1.0.0"
  resolved "https://registry.yarnpkg.com/@x1swap/lib/-/lib-1.0.0.tgz#35feea5dab22e1f5de64152bbae9c5e546fdce83"
  integrity sha512-e0TtnFr7v2YDeVAfsHTemA6yqpNppFkr4iTmX1Q+3zHsf8EVmnA3wH1jE4QG8v8C7AUJMXuirXZcrohzfAKhzw==

"@x1swap/v2-core@1.0.0":
  version "1.0.0"
  resolved "https://registry.yarnpkg.com/@x1swap/v2-core/-/v2-core-1.0.0.tgz#e2b888cb3b863ac2aab4f1eeaa55c3d1451220b1"
  integrity sha512-vQ1oNfPlTDIltHOMIhetLwzzLJIGWTRSv4JEk88hzT42CTRgIxXMsOVws0u+DchgwPIl9e36iQfdMKnRzM8Hrw==
